
Microsoft Visual Studio Solution File, Format Version 12.00
# Visual Studio Version 17
VisualStudioVersion = 17.5.002.0
MinimumVisualStudioVersion = 10.0.40219.1
Project("{9A19103F-16F7-4668-BE54-9A1E7A4F7556}") = "tl2-tp6-2024-MaguiNavarro", "tl2-tp6-2024-MaguiNavarro.csproj", "{7AE3B7C4-93A1-4CE2-8445-820E4C72B21A}"
EndProject
Global
	GlobalSection(SolutionConfigurationPlatforms) = preSolution
		Debug|Any CPU = Debug|Any CPU
		Release|Any CPU = Release|Any CPU
	EndGlobalSection
	GlobalSection(ProjectConfigurationPlatforms) = postSolution
		{7AE3B7C4-93A1-4CE2-8445-820E4C72B21A}.Debug|Any CPU.ActiveCfg = Debug|Any CPU
		{7AE3B7C4-93A1-4CE2-8445-820E4C72B21A}.Debug|Any CPU.Build.0 = Debug|Any CPU
		{7AE3B7C4-93A1-4CE2-8445-820E4C72B21A}.Release|Any CPU.ActiveCfg = Release|Any CPU
		{7AE3B7C4-93A1-4CE2-8445-820E4C72B21A}.Release|Any CPU.Build.0 = Release|Any CPU
	EndGlobalSection
	GlobalSection(SolutionProperties) = preSolution
		HideSolutionNode = FALSE
	EndGlobalSection
	GlobalSection(ExtensibilityGlobals) = postSolution
		SolutionGuid = {A27B33CB-B316-4F71-B76C-58B68D7169E3}
	EndGlobalSection
EndGlobal
